
Microsoft Visual Studio Solution File, Format Version 12.00
# Visual Studio Version 16
VisualStudioVersion = 25.0.1700.0
MinimumVisualStudioVersion = 10.0.40219.1
Project("{FAE04EC0-301F-11D3-BF4B-00C04F79EFBC}") = "DailyProduction", "DailyProduction.csproj", "{9EA95675-7886-4046-A480-20748E9CCB70}"
EndProject
Global
	GlobalSection(SolutionConfigurationPlatforms) = preSolution
		Debug|Any CPU = Debug|Any CPU
		Release|Any CPU = Release|Any CPU
	EndGlobalSection
	GlobalSection(ProjectConfigurationPlatforms) = postSolution
		{9EA95675-7886-4046-A480-20748E9CCB70}.Debug|Any CPU.ActiveCfg = Debug|Any CPU
		{9EA95675-7886-4046-A480-20748E9CCB70}.Debug|Any CPU.Build.0 = Debug|Any CPU
		{9EA95675-7886-4046-A480-20748E9CCB70}.Release|Any CPU.ActiveCfg = Release|Any CPU
		{9EA95675-7886-4046-A480-20748E9CCB70}.Release|Any CPU.Build.0 = Release|Any CPU
	EndGlobalSection
	GlobalSection(SolutionProperties) = preSolution
		HideSolutionNode = FALSE
	EndGlobalSection
	GlobalSection(ExtensibilityGlobals) = postSolution
		SolutionGuid = {5A2C97DD-79BF-4E78-B2D2-2DF88EAEA333}
	EndGlobalSection
EndGlobal
